// !$*UTF8*$!
{
	archiveVersion = 1;
	classes = {
	};
	objectVersion = 46;
	objects = {

/* Begin PBXBuildFile section */
		78B38720228DCA2A0037A5C2 /* YLTableViewFramework.h in Headers */ = {isa = PBXBuildFile; fileRef = 78B3871E228DCA2A0037A5C2 /* YLTableViewFramework.h */; settings = {ATTRIBUTES = (Public, ); }; };
		78B38724228DCA350037A5C2 /* YLTableView.h in Headers */ = {isa = PBXBuildFile; fileRef = A8CB51741C18B40E00F8528A /* YLTableView.h */; settings = {ATTRIBUTES = (Public, ); }; };
		78B38725228DCBB30037A5C2 /* YLRefreshHeaderView.h in Headers */ = {isa = PBXBuildFile; fileRef = A8CB51701C18B40E00F8528A /* YLRefreshHeaderView.h */; settings = {ATTRIBUTES = (Public, ); }; };
		78B38726228DCBBE0037A5C2 /* YLRefreshHeaderViewSubclass.h in Headers */ = {isa = PBXBuildFile; fileRef = A8CB51731C18B40E00F8528A /* YLRefreshHeaderViewSubclass.h */; settings = {ATTRIBUTES = (Public, ); }; };
		78B38727228DCBC90037A5C2 /* YLTableViewCell.h in Headers */ = {isa = PBXBuildFile; fileRef = A8CB51761C18B40E00F8528A /* YLTableViewCell.h */; settings = {ATTRIBUTES = (Public, ); }; };
		78B38728228DCBCF0037A5C2 /* YLTableViewChildViewControllerCell.h in Headers */ = {isa = PBXBuildFile; fileRef = A8CB51791C18B40E00F8528A /* YLTableViewChildViewControllerCell.h */; settings = {ATTRIBUTES = (Public, ); }; };
		78B38729228DCBD30037A5C2 /* YLTableViewDataSource.h in Headers */ = {isa = PBXBuildFile; fileRef = A8CB517A1C18B40E00F8528A /* YLTableViewDataSource.h */; settings = {ATTRIBUTES = (Public, ); }; };
		78B3872A228DCBD70037A5C2 /* YLTableViewDataSourceSubclass.h in Headers */ = {isa = PBXBuildFile; fileRef = A8CB517C1C18B40E00F8528A /* YLTableViewDataSourceSubclass.h */; settings = {ATTRIBUTES = (Public, ); }; };
		78B3872B228DCBDC0037A5C2 /* YLTableViewHeaderFooterView.h in Headers */ = {isa = PBXBuildFile; fileRef = A8CB517D1C18B40E00F8528A /* YLTableViewHeaderFooterView.h */; settings = {ATTRIBUTES = (Public, ); }; };
		78B3872C228DCBE20037A5C2 /* YLTableViewPrivate.h in Headers */ = {isa = PBXBuildFile; fileRef = A8CB517F1C18B40E00F8528A /* YLTableViewPrivate.h */; };
		78B3872D228DCBE90037A5C2 /* YLRefreshHeaderViewPrivate.h in Headers */ = {isa = PBXBuildFile; fileRef = A8CB51721C18B40E00F8528A /* YLRefreshHeaderViewPrivate.h */; };
		78B3872E228DCBF20037A5C2 /* YLTableViewSectionHeaderFooterLabelView.h in Headers */ = {isa = PBXBuildFile; fileRef = A8CB51811C18B40E00F8528A /* YLTableViewSectionHeaderFooterLabelView.h */; settings = {ATTRIBUTES = (Public, ); }; };
		78B3872F228DCBF80037A5C2 /* YLTableViewSectionHeaderFooterView.h in Headers */ = {isa = PBXBuildFile; fileRef = A8CB51831C18B40E00F8528A /* YLTableViewSectionHeaderFooterView.h */; settings = {ATTRIBUTES = (Public, ); }; };
		78B38730228DCBFC0037A5C2 /* YLTableViewSectionHeaderFooterViewPrivate.h in Headers */ = {isa = PBXBuildFile; fileRef = A8CB51851C18B40E00F8528A /* YLTableViewSectionHeaderFooterViewPrivate.h */; };
		78B38731228DCBFF0037A5C2 /* YLTableViewSectionHeaderFooterViewSubclass.h in Headers */ = {isa = PBXBuildFile; fileRef = A8CB51861C18B40E00F8528A /* YLTableViewSectionHeaderFooterViewSubclass.h */; settings = {ATTRIBUTES = (Public, ); }; };
		78B38732228DCC3E0037A5C2 /* YLRefreshHeaderView.m in Sources */ = {isa = PBXBuildFile; fileRef = A8CB51711C18B40E00F8528A /* YLRefreshHeaderView.m */; };
		78B38733228DCC4D0037A5C2 /* YLTableView.m in Sources */ = {isa = PBXBuildFile; fileRef = A8CB51751C18B40E00F8528A /* YLTableView.m */; };
		78B38734228DCC4D0037A5C2 /* YLTableViewDataSource.m in Sources */ = {isa = PBXBuildFile; fileRef = A8CB517B1C18B40E00F8528A /* YLTableViewDataSource.m */; };
		78B38735228DCC4D0037A5C2 /* YLTableViewHeaderFooterView.m in Sources */ = {isa = PBXBuildFile; fileRef = A8CB517E1C18B40E00F8528A /* YLTableViewHeaderFooterView.m */; };
		78B38736228DCC4D0037A5C2 /* YLTableViewSectionHeaderFooterLabelView.m in Sources */ = {isa = PBXBuildFile; fileRef = A8CB51821C18B40E00F8528A /* YLTableViewSectionHeaderFooterLabelView.m */; };
		78B38737228DCC4D0037A5C2 /* YLTableViewSectionHeaderFooterView.m in Sources */ = {isa = PBXBuildFile; fileRef = A8CB51841C18B40E00F8528A /* YLTableViewSectionHeaderFooterView.m */; };
		78B38741228DCCF40037A5C2 /* YLTableView.framework in Frameworks */ = {isa = PBXBuildFile; fileRef = 78B3871C228DCA2A0037A5C2 /* YLTableView.framework */; };
		78B38747228DCD140037A5C2 /* YLTableViewDataSourceTests.m in Sources */ = {isa = PBXBuildFile; fileRef = A6BADBB21C1A01C400501E0C /* YLTableViewDataSourceTests.m */; };
		78B38748228DCD180037A5C2 /* YLTableViewCellTestStub.m in Sources */ = {isa = PBXBuildFile; fileRef = A6BADBAD1C1A01B900501E0C /* YLTableViewCellTestStub.m */; };
		78B38749228DCD1B0037A5C2 /* YLTableViewDataSourceTestStub.m in Sources */ = {isa = PBXBuildFile; fileRef = A6BADBAF1C1A01B900501E0C /* YLTableViewDataSourceTestStub.m */; };
/* End PBXBuildFile section */

/* Begin PBXContainerItemProxy section */
		78B38742228DCCF40037A5C2 /* PBXContainerItemProxy */ = {
			isa = PBXContainerItemProxy;
			containerPortal = A8CB515A1C18B38700F8528A /* Project object */;
			proxyType = 1;
			remoteGlobalIDString = 78B3871B228DCA2A0037A5C2;
			remoteInfo = YLTableView;
		};
/* End PBXContainerItemProxy section */

/* Begin PBXFileReference section */
		78B3871C228DCA2A0037A5C2 /* YLTableView.framework */ = {isa = PBXFileReference; explicitFileType = wrapper.framework; includeInIndex = 0; path = YLTableView.framework; sourceTree = BUILT_PRODUCTS_DIR; };
		78B3871E228DCA2A0037A5C2 /* YLTableViewFramework.h */ = {isa = PBXFileReference; lastKnownFileType = sourcecode.c.h; path = YLTableViewFramework.h; sourceTree = "<group>"; };
		78B3871F228DCA2A0037A5C2 /* Info.plist */ = {isa = PBXFileReference; lastKnownFileType = text.plist.xml; path = Info.plist; sourceTree = "<group>"; };
		78B3873C228DCCF40037A5C2 /* YLTableViewTests.xctest */ = {isa = PBXFileReference; explicitFileType = wrapper.cfbundle; includeInIndex = 0; path = YLTableViewTests.xctest; sourceTree = BUILT_PRODUCTS_DIR; };
		A6BADBAC1C1A01B900501E0C /* YLTableViewCellTestStub.h */ = {isa = PBXFileReference; fileEncoding = 4; lastKnownFileType = sourcecode.c.h; path = YLTableViewCellTestStub.h; sourceTree = "<group>"; };
		A6BADBAD1C1A01B900501E0C /* YLTableViewCellTestStub.m */ = {isa = PBXFileReference; fileEncoding = 4; lastKnownFileType = sourcecode.c.objc; path = YLTableViewCellTestStub.m; sourceTree = "<group>"; };
		A6BADBAE1C1A01B900501E0C /* YLTableViewDataSourceTestStub.h */ = {isa = PBXFileReference; fileEncoding = 4; lastKnownFileType = sourcecode.c.h; path = YLTableViewDataSourceTestStub.h; sourceTree = "<group>"; };
		A6BADBAF1C1A01B900501E0C /* YLTableViewDataSourceTestStub.m */ = {isa = PBXFileReference; fileEncoding = 4; lastKnownFileType = sourcecode.c.objc; path = YLTableViewDataSourceTestStub.m; sourceTree = "<group>"; };
		A6BADBB21C1A01C400501E0C /* YLTableViewDataSourceTests.m */ = {isa = PBXFileReference; fileEncoding = 4; lastKnownFileType = sourcecode.c.objc; path = YLTableViewDataSourceTests.m; sourceTree = "<group>"; };
		A8CB51701C18B40E00F8528A /* YLRefreshHeaderView.h */ = {isa = PBXFileReference; fileEncoding = 4; lastKnownFileType = sourcecode.c.h; path = YLRefreshHeaderView.h; sourceTree = "<group>"; };
		A8CB51711C18B40E00F8528A /* YLRefreshHeaderView.m */ = {isa = PBXFileReference; fileEncoding = 4; lastKnownFileType = sourcecode.c.objc; path = YLRefreshHeaderView.m; sourceTree = "<group>"; };
		A8CB51721C18B40E00F8528A /* YLRefreshHeaderViewPrivate.h */ = {isa = PBXFileReference; fileEncoding = 4; lastKnownFileType = sourcecode.c.h; path = YLRefreshHeaderViewPrivate.h; sourceTree = "<group>"; };
		A8CB51731C18B40E00F8528A /* YLRefreshHeaderViewSubclass.h */ = {isa = PBXFileReference; fileEncoding = 4; lastKnownFileType = sourcecode.c.h; path = YLRefreshHeaderViewSubclass.h; sourceTree = "<group>"; };
		A8CB51741C18B40E00F8528A /* YLTableView.h */ = {isa = PBXFileReference; fileEncoding = 4; lastKnownFileType = sourcecode.c.h; path = YLTableView.h; sourceTree = "<group>"; };
		A8CB51751C18B40E00F8528A /* YLTableView.m */ = {isa = PBXFileReference; fileEncoding = 4; lastKnownFileType = sourcecode.c.objc; path = YLTableView.m; sourceTree = "<group>"; };
		A8CB51761C18B40E00F8528A /* YLTableViewCell.h */ = {isa = PBXFileReference; fileEncoding = 4; lastKnownFileType = sourcecode.c.h; path = YLTableViewCell.h; sourceTree = "<group>"; };
		A8CB51791C18B40E00F8528A /* YLTableViewChildViewControllerCell.h */ = {isa = PBXFileReference; fileEncoding = 4; lastKnownFileType = sourcecode.c.h; path = YLTableViewChildViewControllerCell.h; sourceTree = "<group>"; };
		A8CB517A1C18B40E00F8528A /* YLTableViewDataSource.h */ = {isa = PBXFileReference; fileEncoding = 4; lastKnownFileType = sourcecode.c.h; path = YLTableViewDataSource.h; sourceTree = "<group>"; };
		A8CB517B1C18B40E00F8528A /* YLTableViewDataSource.m */ = {isa = PBXFileReference; fileEncoding = 4; lastKnownFileType = sourcecode.c.objc; path = YLTableViewDataSource.m; sourceTree = "<group>"; };
		A8CB517C1C18B40E00F8528A /* YLTableViewDataSourceSubclass.h */ = {isa = PBXFileReference; fileEncoding = 4; lastKnownFileType = sourcecode.c.h; path = YLTableViewDataSourceSubclass.h; sourceTree = "<group>"; };
		A8CB517D1C18B40E00F8528A /* YLTableViewHeaderFooterView.h */ = {isa = PBXFileReference; fileEncoding = 4; lastKnownFileType = sourcecode.c.h; path = YLTableViewHeaderFooterView.h; sourceTree = "<group>"; };
		A8CB517E1C18B40E00F8528A /* YLTableViewHeaderFooterView.m */ = {isa = PBXFileReference; fileEncoding = 4; lastKnownFileType = sourcecode.c.objc; path = YLTableViewHeaderFooterView.m; sourceTree = "<group>"; };
		A8CB517F1C18B40E00F8528A /* YLTableViewPrivate.h */ = {isa = PBXFileReference; fileEncoding = 4; lastKnownFileType = sourcecode.c.h; path = YLTableViewPrivate.h; sourceTree = "<group>"; };
		A8CB51811C18B40E00F8528A /* YLTableViewSectionHeaderFooterLabelView.h */ = {isa = PBXFileReference; fileEncoding = 4; lastKnownFileType = sourcecode.c.h; path = YLTableViewSectionHeaderFooterLabelView.h; sourceTree = "<group>"; };
		A8CB51821C18B40E00F8528A /* YLTableViewSectionHeaderFooterLabelView.m */ = {isa = PBXFileReference; fileEncoding = 4; lastKnownFileType = sourcecode.c.objc; path = YLTableViewSectionHeaderFooterLabelView.m; sourceTree = "<group>"; };
		A8CB51831C18B40E00F8528A /* YLTableViewSectionHeaderFooterView.h */ = {isa = PBXFileReference; fileEncoding = 4; lastKnownFileType = sourcecode.c.h; path = YLTableViewSectionHeaderFooterView.h; sourceTree = "<group>"; };
		A8CB51841C18B40E00F8528A /* YLTableViewSectionHeaderFooterView.m */ = {isa = PBXFileReference; fileEncoding = 4; lastKnownFileType = sourcecode.c.objc; path = YLTableViewSectionHeaderFooterView.m; sourceTree = "<group>"; };
		A8CB51851C18B40E00F8528A /* YLTableViewSectionHeaderFooterViewPrivate.h */ = {isa = PBXFileReference; fileEncoding = 4; lastKnownFileType = sourcecode.c.h; path = YLTableViewSectionHeaderFooterViewPrivate.h; sourceTree = "<group>"; };
		A8CB51861C18B40E00F8528A /* YLTableViewSectionHeaderFooterViewSubclass.h */ = {isa = PBXFileReference; fileEncoding = 4; lastKnownFileType = sourcecode.c.h; path = YLTableViewSectionHeaderFooterViewSubclass.h; sourceTree = "<group>"; };
		A8CB51B41C19EDE200F8528A /* Info.plist */ = {isa = PBXFileReference; lastKnownFileType = text.plist.xml; path = Info.plist; sourceTree = "<group>"; };
/* End PBXFileReference section */

/* Begin PBXFrameworksBuildPhase section */
		78B38719228DCA2A0037A5C2 /* Frameworks */ = {
			isa = PBXFrameworksBuildPhase;
			buildActionMask = 2147483647;
			files = (
			);
			runOnlyForDeploymentPostprocessing = 0;
		};
		78B38739228DCCF40037A5C2 /* Frameworks */ = {
			isa = PBXFrameworksBuildPhase;
			buildActionMask = 2147483647;
			files = (
				78B38741228DCCF40037A5C2 /* YLTableView.framework in Frameworks */,
			);
			runOnlyForDeploymentPostprocessing = 0;
		};
/* End PBXFrameworksBuildPhase section */

/* Begin PBXGroup section */
		78B3871D228DCA2A0037A5C2 /* Resources */ = {
			isa = PBXGroup;
			children = (
				78B3871F228DCA2A0037A5C2 /* Info.plist */,
			);
			path = Resources;
			sourceTree = "<group>";
		};
		A8CB51591C18B38700F8528A = {
			isa = PBXGroup;
			children = (
				A8CB516E1C18B40E00F8528A /* Classes */,
				A8CB51B11C19EDE200F8528A /* YLTableViewTests */,
				78B3871D228DCA2A0037A5C2 /* Resources */,
				A8CB51631C18B38700F8528A /* Products */,
			);
			indentWidth = 2;
			sourceTree = "<group>";
			tabWidth = 2;
		};
		A8CB51631C18B38700F8528A /* Products */ = {
			isa = PBXGroup;
			children = (
				78B3871C228DCA2A0037A5C2 /* YLTableView.framework */,
				78B3873C228DCCF40037A5C2 /* YLTableViewTests.xctest */,
			);
			name = Products;
			sourceTree = "<group>";
		};
		A8CB516E1C18B40E00F8528A /* Classes */ = {
			isa = PBXGroup;
			children = (
				A8CB516F1C18B40E00F8528A /* YLRefreshHeaderView */,
				A8CB51741C18B40E00F8528A /* YLTableView.h */,
				A8CB51751C18B40E00F8528A /* YLTableView.m */,
				A8CB51761C18B40E00F8528A /* YLTableViewCell.h */,
				A8CB51791C18B40E00F8528A /* YLTableViewChildViewControllerCell.h */,
				A8CB517A1C18B40E00F8528A /* YLTableViewDataSource.h */,
				A8CB517B1C18B40E00F8528A /* YLTableViewDataSource.m */,
				A8CB517C1C18B40E00F8528A /* YLTableViewDataSourceSubclass.h */,
				78B3871E228DCA2A0037A5C2 /* YLTableViewFramework.h */,
				A8CB517D1C18B40E00F8528A /* YLTableViewHeaderFooterView.h */,
				A8CB517E1C18B40E00F8528A /* YLTableViewHeaderFooterView.m */,
				A8CB517F1C18B40E00F8528A /* YLTableViewPrivate.h */,
				A8CB51801C18B40E00F8528A /* YLTableViewSectionHeaderFooterView */,
			);
			path = Classes;
			sourceTree = "<group>";
		};
		A8CB516F1C18B40E00F8528A /* YLRefreshHeaderView */ = {
			isa = PBXGroup;
			children = (
				A8CB51701C18B40E00F8528A /* YLRefreshHeaderView.h */,
				A8CB51711C18B40E00F8528A /* YLRefreshHeaderView.m */,
				A8CB51721C18B40E00F8528A /* YLRefreshHeaderViewPrivate.h */,
				A8CB51731C18B40E00F8528A /* YLRefreshHeaderViewSubclass.h */,
			);
			path = YLRefreshHeaderView;
			sourceTree = "<group>";
		};
		A8CB51801C18B40E00F8528A /* YLTableViewSectionHeaderFooterView */ = {
			isa = PBXGroup;
			children = (
				A8CB51811C18B40E00F8528A /* YLTableViewSectionHeaderFooterLabelView.h */,
				A8CB51821C18B40E00F8528A /* YLTableViewSectionHeaderFooterLabelView.m */,
				A8CB51831C18B40E00F8528A /* YLTableViewSectionHeaderFooterView.h */,
				A8CB51841C18B40E00F8528A /* YLTableViewSectionHeaderFooterView.m */,
				A8CB51851C18B40E00F8528A /* YLTableViewSectionHeaderFooterViewPrivate.h */,
				A8CB51861C18B40E00F8528A /* YLTableViewSectionHeaderFooterViewSubclass.h */,
			);
			path = YLTableViewSectionHeaderFooterView;
			sourceTree = "<group>";
		};
		A8CB51B11C19EDE200F8528A /* YLTableViewTests */ = {
			isa = PBXGroup;
			children = (
				A6BADBB21C1A01C400501E0C /* YLTableViewDataSourceTests.m */,
				A6BADBAC1C1A01B900501E0C /* YLTableViewCellTestStub.h */,
				A6BADBAD1C1A01B900501E0C /* YLTableViewCellTestStub.m */,
				A6BADBAE1C1A01B900501E0C /* YLTableViewDataSourceTestStub.h */,
				A6BADBAF1C1A01B900501E0C /* YLTableViewDataSourceTestStub.m */,
				A8CB51B41C19EDE200F8528A /* Info.plist */,
			);
			path = YLTableViewTests;
			sourceTree = "<group>";
		};
/* End PBXGroup section */

/* Begin PBXHeadersBuildPhase section */
		78B38717228DCA2A0037A5C2 /* Headers */ = {
			isa = PBXHeadersBuildPhase;
			buildActionMask = 2147483647;
			files = (
				78B3872F228DCBF80037A5C2 /* YLTableViewSectionHeaderFooterView.h in Headers */,
				78B3872A228DCBD70037A5C2 /* YLTableViewDataSourceSubclass.h in Headers */,
				78B38727228DCBC90037A5C2 /* YLTableViewCell.h in Headers */,
				78B38720228DCA2A0037A5C2 /* YLTableViewFramework.h in Headers */,
				78B3872D228DCBE90037A5C2 /* YLRefreshHeaderViewPrivate.h in Headers */,
				78B38724228DCA350037A5C2 /* YLTableView.h in Headers */,
				78B38725228DCBB30037A5C2 /* YLRefreshHeaderView.h in Headers */,
				78B38726228DCBBE0037A5C2 /* YLRefreshHeaderViewSubclass.h in Headers */,
				78B3872E228DCBF20037A5C2 /* YLTableViewSectionHeaderFooterLabelView.h in Headers */,
				78B38728228DCBCF0037A5C2 /* YLTableViewChildViewControllerCell.h in Headers */,
				78B3872C228DCBE20037A5C2 /* YLTableViewPrivate.h in Headers */,
				78B38731228DCBFF0037A5C2 /* YLTableViewSectionHeaderFooterViewSubclass.h in Headers */,
				78B3872B228DCBDC0037A5C2 /* YLTableViewHeaderFooterView.h in Headers */,
				78B38730228DCBFC0037A5C2 /* YLTableViewSectionHeaderFooterViewPrivate.h in Headers */,
				78B38729228DCBD30037A5C2 /* YLTableViewDataSource.h in Headers */,
			);
			runOnlyForDeploymentPostprocessing = 0;
		};
/* End PBXHeadersBuildPhase section */

/* Begin PBXNativeTarget section */
		78B3871B228DCA2A0037A5C2 /* YLTableView */ = {
			isa = PBXNativeTarget;
			buildConfigurationList = 78B38721228DCA2A0037A5C2 /* Build configuration list for PBXNativeTarget "YLTableView" */;
			buildPhases = (
				78B38717228DCA2A0037A5C2 /* Headers */,
				78B38718228DCA2A0037A5C2 /* Sources */,
				78B38719228DCA2A0037A5C2 /* Frameworks */,
				78B3871A228DCA2A0037A5C2 /* Resources */,
			);
			buildRules = (
			);
			dependencies = (
			);
			name = YLTableView;
			productName = YLTableView;
			productReference = 78B3871C228DCA2A0037A5C2 /* YLTableView.framework */;
			productType = "com.apple.product-type.framework";
		};
		78B3873B228DCCF40037A5C2 /* YLTableViewTests */ = {
			isa = PBXNativeTarget;
			buildConfigurationList = 78B38744228DCCF40037A5C2 /* Build configuration list for PBXNativeTarget "YLTableViewTests" */;
			buildPhases = (
				78B38738228DCCF40037A5C2 /* Sources */,
				78B38739228DCCF40037A5C2 /* Frameworks */,
				78B3873A228DCCF40037A5C2 /* Resources */,
			);
			buildRules = (
			);
			dependencies = (
				78B38743228DCCF40037A5C2 /* PBXTargetDependency */,
			);
			name = YLTableViewTests;
			productName = YLTableViewTests;
			productReference = 78B3873C228DCCF40037A5C2 /* YLTableViewTests.xctest */;
			productType = "com.apple.product-type.bundle.unit-test";
		};
/* End PBXNativeTarget section */

/* Begin PBXProject section */
		A8CB515A1C18B38700F8528A /* Project object */ = {
			isa = PBXProject;
			attributes = {
				LastUpgradeCheck = 0930;
				ORGANIZATIONNAME = Yelp;
				TargetAttributes = {
					78B3871B228DCA2A0037A5C2 = {
						CreatedOnToolsVersion = 10.1;
						ProvisioningStyle = Automatic;
					};
					78B3873B228DCCF40037A5C2 = {
						CreatedOnToolsVersion = 10.1;
						ProvisioningStyle = Automatic;
					};
				};
			};
			buildConfigurationList = A8CB515D1C18B38700F8528A /* Build configuration list for PBXProject "YLTableView" */;
			compatibilityVersion = "Xcode 3.2";
			developmentRegion = English;
			hasScannedForEncodings = 0;
			knownRegions = (
				en,
			);
			mainGroup = A8CB51591C18B38700F8528A;
			productRefGroup = A8CB51631C18B38700F8528A /* Products */;
			projectDirPath = "";
			projectRoot = "";
			targets = (
				78B3871B228DCA2A0037A5C2 /* YLTableView */,
				78B3873B228DCCF40037A5C2 /* YLTableViewTests */,
			);
		};
/* End PBXProject section */

/* Begin PBXResourcesBuildPhase section */
		78B3871A228DCA2A0037A5C2 /* Resources */ = {
			isa = PBXResourcesBuildPhase;
			buildActionMask = 2147483647;
			files = (
			);
			runOnlyForDeploymentPostprocessing = 0;
		};
		78B3873A228DCCF40037A5C2 /* Resources */ = {
			isa = PBXResourcesBuildPhase;
			buildActionMask = 2147483647;
			files = (
			);
			runOnlyForDeploymentPostprocessing = 0;
		};
/* End PBXResourcesBuildPhase section */

/* Begin PBXSourcesBuildPhase section */
		78B38718228DCA2A0037A5C2 /* Sources */ = {
			isa = PBXSourcesBuildPhase;
			buildActionMask = 2147483647;
			files = (
				78B38733228DCC4D0037A5C2 /* YLTableView.m in Sources */,
				78B38734228DCC4D0037A5C2 /* YLTableViewDataSource.m in Sources */,
				78B38732228DCC3E0037A5C2 /* YLRefreshHeaderView.m in Sources */,
				78B38735228DCC4D0037A5C2 /* YLTableViewHeaderFooterView.m in Sources */,
				78B38736228DCC4D0037A5C2 /* YLTableViewSectionHeaderFooterLabelView.m in Sources */,
				78B38737228DCC4D0037A5C2 /* YLTableViewSectionHeaderFooterView.m in Sources */,
			);
			runOnlyForDeploymentPostprocessing = 0;
		};
		78B38738228DCCF40037A5C2 /* Sources */ = {
			isa = PBXSourcesBuildPhase;
			buildActionMask = 2147483647;
			files = (
				78B38748228DCD180037A5C2 /* YLTableViewCellTestStub.m in Sources */,
				78B38749228DCD1B0037A5C2 /* YLTableViewDataSourceTestStub.m in Sources */,
				78B38747228DCD140037A5C2 /* YLTableViewDataSourceTests.m in Sources */,
			);
			runOnlyForDeploymentPostprocessing = 0;
		};
/* End PBXSourcesBuildPhase section */

/* Begin PBXTargetDependency section */
		78B38743228DCCF40037A5C2 /* PBXTargetDependency */ = {
			isa = PBXTargetDependency;
			target = 78B3871B228DCA2A0037A5C2 /* YLTableView */;
			targetProxy = 78B38742228DCCF40037A5C2 /* PBXContainerItemProxy */;
		};
/* End PBXTargetDependency section */

/* Begin XCBuildConfiguration section */
		78B38722228DCA2A0037A5C2 /* Debug */ = {
			isa = XCBuildConfiguration;
			buildSettings = {
				CLANG_ANALYZER_NONNULL = YES;
				CLANG_ANALYZER_NUMBER_OBJECT_CONVERSION = YES_AGGRESSIVE;
				CLANG_CXX_LANGUAGE_STANDARD = "gnu++14";
				CLANG_ENABLE_OBJC_WEAK = YES;
				CLANG_WARN_DOCUMENTATION_COMMENTS = YES;
				CLANG_WARN_UNGUARDED_AVAILABILITY = YES_AGGRESSIVE;
				CODE_SIGN_IDENTITY = "iPhone Developer";
				CODE_SIGN_STYLE = Automatic;
				CURRENT_PROJECT_VERSION = 1;
				DEFINES_MODULE = YES;
				DYLIB_COMPATIBILITY_VERSION = 1;
				DYLIB_CURRENT_VERSION = 1;
				DYLIB_INSTALL_NAME_BASE = "@rpath";
				GCC_C_LANGUAGE_STANDARD = gnu11;
				INFOPLIST_FILE = Resources/Info.plist;
				INSTALL_PATH = "$(LOCAL_LIBRARY_DIR)/Frameworks";
				IPHONEOS_DEPLOYMENT_TARGET = 11.0;
				LD_RUNPATH_SEARCH_PATHS = "$(inherited) @executable_path/Frameworks @loader_path/Frameworks";
				MODULEMAP_FILE = "$(PROJECT_DIR)/module.modulemap";
				MTL_ENABLE_DEBUG_INFO = INCLUDE_SOURCE;
				MTL_FAST_MATH = YES;
				PRODUCT_BUNDLE_IDENTIFIER = com.yelp.YLTableView;
				PRODUCT_NAME = "$(TARGET_NAME:c99extidentifier)";
				SKIP_INSTALL = YES;
				TARGETED_DEVICE_FAMILY = "1,2";
				VERSIONING_SYSTEM = "apple-generic";
				VERSION_INFO_PREFIX = "";
			};
			name = Debug;
		};
		78B38723228DCA2A0037A5C2 /* Release */ = {
			isa = XCBuildConfiguration;
			buildSettings = {
				CLANG_ANALYZER_NONNULL = YES;
				CLANG_ANALYZER_NUMBER_OBJECT_CONVERSION = YES_AGGRESSIVE;
				CLANG_CXX_LANGUAGE_STANDARD = "gnu++14";
				CLANG_ENABLE_OBJC_WEAK = YES;
				CLANG_WARN_DOCUMENTATION_COMMENTS = YES;
				CLANG_WARN_UNGUARDED_AVAILABILITY = YES_AGGRESSIVE;
				CODE_SIGN_IDENTITY = "iPhone Developer";
				CODE_SIGN_STYLE = Automatic;
				CURRENT_PROJECT_VERSION = 1;
				DEFINES_MODULE = YES;
				DYLIB_COMPATIBILITY_VERSION = 1;
				DYLIB_CURRENT_VERSION = 1;
				DYLIB_INSTALL_NAME_BASE = "@rpath";
				GCC_C_LANGUAGE_STANDARD = gnu11;
				INFOPLIST_FILE = Resources/Info.plist;
				INSTALL_PATH = "$(LOCAL_LIBRARY_DIR)/Frameworks";
				IPHONEOS_DEPLOYMENT_TARGET = 11.0;
				LD_RUNPATH_SEARCH_PATHS = "$(inherited) @executable_path/Frameworks @loader_path/Frameworks";
				MODULEMAP_FILE = "$(PROJECT_DIR)/module.modulemap";
				MTL_FAST_MATH = YES;
				PRODUCT_BUNDLE_IDENTIFIER = com.yelp.YLTableView;
				PRODUCT_NAME = "$(TARGET_NAME:c99extidentifier)";
				SKIP_INSTALL = YES;
				TARGETED_DEVICE_FAMILY = "1,2";
				VERSIONING_SYSTEM = "apple-generic";
				VERSION_INFO_PREFIX = "";
			};
			name = Release;
		};
		78B38745228DCCF40037A5C2 /* Debug */ = {
			isa = XCBuildConfiguration;
			buildSettings = {
				CLANG_ANALYZER_NONNULL = YES;
				CLANG_ANALYZER_NUMBER_OBJECT_CONVERSION = YES_AGGRESSIVE;
				CLANG_CXX_LANGUAGE_STANDARD = "gnu++14";
				CLANG_ENABLE_OBJC_WEAK = YES;
				CLANG_WARN_DOCUMENTATION_COMMENTS = YES;
				CLANG_WARN_UNGUARDED_AVAILABILITY = YES_AGGRESSIVE;
				CODE_SIGN_IDENTITY = "iPhone Developer";
				CODE_SIGN_STYLE = Automatic;
				GCC_C_LANGUAGE_STANDARD = gnu11;
				INFOPLIST_FILE = YLTableViewTests/Info.plist;
				IPHONEOS_DEPLOYMENT_TARGET = 12.1;
				LD_RUNPATH_SEARCH_PATHS = "$(inherited) @executable_path/Frameworks @loader_path/Frameworks";
				MTL_ENABLE_DEBUG_INFO = INCLUDE_SOURCE;
				MTL_FAST_MATH = YES;
				PRODUCT_BUNDLE_IDENTIFIER = com.yelp.YLTableViewTests;
				PRODUCT_NAME = "$(TARGET_NAME)";
				TARGETED_DEVICE_FAMILY = "1,2";
			};
			name = Debug;
		};
		78B38746228DCCF40037A5C2 /* Release */ = {
			isa = XCBuildConfiguration;
			buildSettings = {
				CLANG_ANALYZER_NONNULL = YES;
				CLANG_ANALYZER_NUMBER_OBJECT_CONVERSION = YES_AGGRESSIVE;
				CLANG_CXX_LANGUAGE_STANDARD = "gnu++14";
				CLANG_ENABLE_OBJC_WEAK = YES;
				CLANG_WARN_DOCUMENTATION_COMMENTS = YES;
				CLANG_WARN_UNGUARDED_AVAILABILITY = YES_AGGRESSIVE;
				CODE_SIGN_IDENTITY = "iPhone Developer";
				CODE_SIGN_STYLE = Automatic;
				GCC_C_LANGUAGE_STANDARD = gnu11;
				INFOPLIST_FILE = YLTableViewTests/Info.plist;
				IPHONEOS_DEPLOYMENT_TARGET = 12.1;
				LD_RUNPATH_SEARCH_PATHS = "$(inherited) @executable_path/Frameworks @loader_path/Frameworks";
				MTL_FAST_MATH = YES;
				PRODUCT_BUNDLE_IDENTIFIER = com.yelp.YLTableViewTests;
				PRODUCT_NAME = "$(TARGET_NAME)";
				TARGETED_DEVICE_FAMILY = "1,2";
			};
			name = Release;
		};
		A8CB51691C18B38700F8528A /* Debug */ = {
			isa = XCBuildConfiguration;
			buildSettings = {
				ALWAYS_SEARCH_USER_PATHS = NO;
				CLANG_CXX_LANGUAGE_STANDARD = "gnu++0x";
				CLANG_CXX_LIBRARY = "libc++";
				CLANG_ENABLE_MODULES = YES;
				CLANG_ENABLE_OBJC_ARC = YES;
				CLANG_WARN_BLOCK_CAPTURE_AUTORELEASING = YES;
				CLANG_WARN_BOOL_CONVERSION = YES;
				CLANG_WARN_COMMA = YES;
				CLANG_WARN_CONSTANT_CONVERSION = YES;
				CLANG_WARN_DEPRECATED_OBJC_IMPLEMENTATIONS = YES;
				CLANG_WARN_DIRECT_OBJC_ISA_USAGE = YES_ERROR;
				CLANG_WARN_EMPTY_BODY = YES;
				CLANG_WARN_ENUM_CONVERSION = YES;
				CLANG_WARN_INFINITE_RECURSION = YES;
				CLANG_WARN_INT_CONVERSION = YES;
				CLANG_WARN_NON_LITERAL_NULL_CONVERSION = YES;
				CLANG_WARN_OBJC_IMPLICIT_RETAIN_SELF = YES;
				CLANG_WARN_OBJC_LITERAL_CONVERSION = YES;
				CLANG_WARN_OBJC_ROOT_CLASS = YES_ERROR;
				CLANG_WARN_RANGE_LOOP_ANALYSIS = YES;
				CLANG_WARN_STRICT_PROTOTYPES = YES;
				CLANG_WARN_SUSPICIOUS_MOVE = YES;
				CLANG_WARN_UNREACHABLE_CODE = YES;
				CLANG_WARN__DUPLICATE_METHOD_MATCH = YES;
				"CODE_SIGN_IDENTITY[sdk=iphoneos*]" = "iPhone Developer";
				COPY_PHASE_STRIP = NO;
				DEBUG_INFORMATION_FORMAT = dwarf;
				ENABLE_STRICT_OBJC_MSGSEND = YES;
				ENABLE_TESTABILITY = YES;
				GCC_C_LANGUAGE_STANDARD = gnu99;
				GCC_DYNAMIC_NO_PIC = NO;
				GCC_NO_COMMON_BLOCKS = YES;
				GCC_OPTIMIZATION_LEVEL = 0;
				GCC_PREPROCESSOR_DEFINITIONS = (
					"DEBUG=1",
					"$(inherited)",
				);
				GCC_WARN_64_TO_32_BIT_CONVERSION = YES;
				GCC_WARN_ABOUT_RETURN_TYPE = YES_ERROR;
				GCC_WARN_UNDECLARED_SELECTOR = YES;
				GCC_WARN_UNINITIALIZED_AUTOS = YES_AGGRESSIVE;
				GCC_WARN_UNUSED_FUNCTION = YES;
				GCC_WARN_UNUSED_VARIABLE = YES;
				IPHONEOS_DEPLOYMENT_TARGET = 11.0;
				MTL_ENABLE_DEBUG_INFO = YES;
				ONLY_ACTIVE_ARCH = YES;
				SDKROOT = iphoneos;
			};
			name = Debug;
		};
		A8CB516A1C18B38700F8528A /* Release */ = {
			isa = XCBuildConfiguration;
			buildSettings = {
				ALWAYS_SEARCH_USER_PATHS = NO;
				CLANG_CXX_LANGUAGE_STANDARD = "gnu++0x";
				CLANG_CXX_LIBRARY = "libc++";
				CLANG_ENABLE_MODULES = YES;
				CLANG_ENABLE_OBJC_ARC = YES;
				CLANG_WARN_BLOCK_CAPTURE_AUTORELEASING = YES;
				CLANG_WARN_BOOL_CONVERSION = YES;
				CLANG_WARN_COMMA = YES;
				CLANG_WARN_CONSTANT_CONVERSION = YES;
				CLANG_WARN_DEPRECATED_OBJC_IMPLEMENTATIONS = YES;
				CLANG_WARN_DIRECT_OBJC_ISA_USAGE = YES_ERROR;
				CLANG_WARN_EMPTY_BODY = YES;
				CLANG_WARN_ENUM_CONVERSION = YES;
				CLANG_WARN_INFINITE_RECURSION = YES;
				CLANG_WARN_INT_CONVERSION = YES;
				CLANG_WARN_NON_LITERAL_NULL_CONVERSION = YES;
				CLANG_WARN_OBJC_IMPLICIT_RETAIN_SELF = YES;
				CLANG_WARN_OBJC_LITERAL_CONVERSION = YES;
				CLANG_WARN_OBJC_ROOT_CLASS = YES_ERROR;
				CLANG_WARN_RANGE_LOOP_ANALYSIS = YES;
				CLANG_WARN_STRICT_PROTOTYPES = YES;
				CLANG_WARN_SUSPICIOUS_MOVE = YES;
				CLANG_WARN_UNREACHABLE_CODE = YES;
				CLANG_WARN__DUPLICATE_METHOD_MATCH = YES;
				"CODE_SIGN_IDENTITY[sdk=iphoneos*]" = "iPhone Developer";
				COPY_PHASE_STRIP = NO;
				DEBUG_INFORMATION_FORMAT = "dwarf-with-dsym";
				ENABLE_NS_ASSERTIONS = NO;
				ENABLE_STRICT_OBJC_MSGSEND = YES;
				GCC_C_LANGUAGE_STANDARD = gnu99;
				GCC_NO_COMMON_BLOCKS = YES;
				GCC_WARN_64_TO_32_BIT_CONVERSION = YES;
				GCC_WARN_ABOUT_RETURN_TYPE = YES_ERROR;
				GCC_WARN_UNDECLARED_SELECTOR = YES;
				GCC_WARN_UNINITIALIZED_AUTOS = YES_AGGRESSIVE;
				GCC_WARN_UNUSED_FUNCTION = YES;
				GCC_WARN_UNUSED_VARIABLE = YES;
				IPHONEOS_DEPLOYMENT_TARGET = 11.0;
				MTL_ENABLE_DEBUG_INFO = NO;
				SDKROOT = iphoneos;
				VALIDATE_PRODUCT = YES;
			};
			name = Release;
		};
/* End XCBuildConfiguration section */

/* Begin XCConfigurationList section */
		78B38721228DCA2A0037A5C2 /* Build configuration list for PBXNativeTarget "YLTableView" */ = {
			isa = XCConfigurationList;
			buildConfigurations = (
				78B38722228DCA2A0037A5C2 /* Debug */,
				78B38723228DCA2A0037A5C2 /* Release */,
			);
			defaultConfigurationIsVisible = 0;
			defaultConfigurationName = Release;
		};
		78B38744228DCCF40037A5C2 /* Build configuration list for PBXNativeTarget "YLTableViewTests" */ = {
			isa = XCConfigurationList;
			buildConfigurations = (
				78B38745228DCCF40037A5C2 /* Debug */,
				78B38746228DCCF40037A5C2 /* Release */,
			);
			defaultConfigurationIsVisible = 0;
			defaultConfigurationName = Release;
		};
		A8CB515D1C18B38700F8528A /* Build configuration list for PBXProject "YLTableView" */ = {
			isa = XCConfigurationList;
			buildConfigurations = (
				A8CB51691C18B38700F8528A /* Debug */,
				A8CB516A1C18B38700F8528A /* Release */,
			);
			defaultConfigurationIsVisible = 0;
			defaultConfigurationName = Release;
		};
/* End XCConfigurationList section */
	};
	rootObject = A8CB515A1C18B38700F8528A /* Project object */;
}
