// !$*UTF8*$!
{
	archiveVersion = 1;
	classes = {
	};
	objectVersion = 46;
	objects = {

/* Begin PBXBuildFile section */
		626A638E4001FFFBBBE6F8EC /* libPods-YLTableViewExample.a in Frameworks */ = {isa = PBXBuildFile; fileRef = 01F6D1E0D7808379FB183B79 /* libPods-YLTableViewExample.a */; };
		BBB3E4141B2255AE00051EF1 /* YLExampleImageControl.m in Sources */ = {isa = PBXBuildFile; fileRef = BBB3E3FA1B2255AE00051EF1 /* YLExampleImageControl.m */; };
		BBB3E4151B2255AE00051EF1 /* YLExampleImagesCell.m in Sources */ = {isa = PBXBuildFile; fileRef = BBB3E3FC1B2255AE00051EF1 /* YLExampleImagesCell.m */; };
		BBB3E4161B2255AE00051EF1 /* YLExampleImagesCellModel.m in Sources */ = {isa = PBXBuildFile; fileRef = BBB3E3FE1B2255AE00051EF1 /* YLExampleImagesCellModel.m */; };
		BBB3E4171B2255AE00051EF1 /* YLExampleImagesView.m in Sources */ = {isa = PBXBuildFile; fileRef = BBB3E4001B2255AE00051EF1 /* YLExampleImagesView.m */; };
		BBB3E4181B2255AE00051EF1 /* YLExampleImagesViewController.m in Sources */ = {isa = PBXBuildFile; fileRef = BBB3E4021B2255AE00051EF1 /* YLExampleImagesViewController.m */; };
		BBB3E4191B2255AE00051EF1 /* YLExampleLargeImageViewController.m in Sources */ = {isa = PBXBuildFile; fileRef = BBB3E4041B2255AE00051EF1 /* YLExampleLargeImageViewController.m */; };
		BBB3E41A1B2255AE00051EF1 /* LaunchScreen.xib in Resources */ = {isa = PBXBuildFile; fileRef = BBB3E4051B2255AE00051EF1 /* LaunchScreen.xib */; };
		BBB3E41B1B2255AE00051EF1 /* main.m in Sources */ = {isa = PBXBuildFile; fileRef = BBB3E4061B2255AE00051EF1 /* main.m */; };
		BBB3E41C1B2255AE00051EF1 /* YLExampleAppDelegate.m in Sources */ = {isa = PBXBuildFile; fileRef = BBB3E4081B2255AE00051EF1 /* YLExampleAppDelegate.m */; };
		BBB3E41D1B2255AE00051EF1 /* YLExampleRefreshHeader.m in Sources */ = {isa = PBXBuildFile; fileRef = BBB3E40A1B2255AE00051EF1 /* YLExampleRefreshHeader.m */; };
		BBB3E41E1B2255AE00051EF1 /* YLExampleTableViewDataSource.m in Sources */ = {isa = PBXBuildFile; fileRef = BBB3E40C1B2255AE00051EF1 /* YLExampleTableViewDataSource.m */; };
		BBB3E41F1B2255AE00051EF1 /* YLExampleTextCell.m in Sources */ = {isa = PBXBuildFile; fileRef = BBB3E40E1B2255AE00051EF1 /* YLExampleTextCell.m */; };
		BBB3E4201B2255AE00051EF1 /* YLExampleViewController.m in Sources */ = {isa = PBXBuildFile; fileRef = BBB3E4101B2255AE00051EF1 /* YLExampleViewController.m */; };
		BBB3E4211B2255AE00051EF1 /* Images.xcassets in Resources */ = {isa = PBXBuildFile; fileRef = BBB3E4121B2255AE00051EF1 /* Images.xcassets */; };
/* End PBXBuildFile section */

/* Begin PBXFileReference section */
		01F6D1E0D7808379FB183B79 /* libPods-YLTableViewExample.a */ = {isa = PBXFileReference; explicitFileType = archive.ar; includeInIndex = 0; path = "libPods-YLTableViewExample.a"; sourceTree = BUILT_PRODUCTS_DIR; };
		77E0294F6EFAD61F32AF8B13 /* Pods-YLTableViewExample.release.xcconfig */ = {isa = PBXFileReference; includeInIndex = 1; lastKnownFileType = text.xcconfig; name = "Pods-YLTableViewExample.release.xcconfig"; path = "Pods/Target Support Files/Pods-YLTableViewExample/Pods-YLTableViewExample.release.xcconfig"; sourceTree = "<group>"; };
		9C73FE2D338ACBD9DAFD01E5 /* Pods-YLTableViewExample.debug.xcconfig */ = {isa = PBXFileReference; includeInIndex = 1; lastKnownFileType = text.xcconfig; name = "Pods-YLTableViewExample.debug.xcconfig"; path = "Pods/Target Support Files/Pods-YLTableViewExample/Pods-YLTableViewExample.debug.xcconfig"; sourceTree = "<group>"; };
		BBB3E3CE1B22555700051EF1 /* YLTableViewExample.app */ = {isa = PBXFileReference; explicitFileType = wrapper.application; includeInIndex = 0; path = YLTableViewExample.app; sourceTree = BUILT_PRODUCTS_DIR; };
		BBB3E3F91B2255AE00051EF1 /* YLExampleImageControl.h */ = {isa = PBXFileReference; fileEncoding = 4; lastKnownFileType = sourcecode.c.h; path = YLExampleImageControl.h; sourceTree = "<group>"; };
		BBB3E3FA1B2255AE00051EF1 /* YLExampleImageControl.m */ = {isa = PBXFileReference; fileEncoding = 4; lastKnownFileType = sourcecode.c.objc; path = YLExampleImageControl.m; sourceTree = "<group>"; };
		BBB3E3FB1B2255AE00051EF1 /* YLExampleImagesCell.h */ = {isa = PBXFileReference; fileEncoding = 4; lastKnownFileType = sourcecode.c.h; path = YLExampleImagesCell.h; sourceTree = "<group>"; };
		BBB3E3FC1B2255AE00051EF1 /* YLExampleImagesCell.m */ = {isa = PBXFileReference; fileEncoding = 4; lastKnownFileType = sourcecode.c.objc; path = YLExampleImagesCell.m; sourceTree = "<group>"; };
		BBB3E3FD1B2255AE00051EF1 /* YLExampleImagesCellModel.h */ = {isa = PBXFileReference; fileEncoding = 4; lastKnownFileType = sourcecode.c.h; path = YLExampleImagesCellModel.h; sourceTree = "<group>"; };
		BBB3E3FE1B2255AE00051EF1 /* YLExampleImagesCellModel.m */ = {isa = PBXFileReference; fileEncoding = 4; lastKnownFileType = sourcecode.c.objc; path = YLExampleImagesCellModel.m; sourceTree = "<group>"; };
		BBB3E3FF1B2255AE00051EF1 /* YLExampleImagesView.h */ = {isa = PBXFileReference; fileEncoding = 4; lastKnownFileType = sourcecode.c.h; path = YLExampleImagesView.h; sourceTree = "<group>"; };
		BBB3E4001B2255AE00051EF1 /* YLExampleImagesView.m */ = {isa = PBXFileReference; fileEncoding = 4; lastKnownFileType = sourcecode.c.objc; path = YLExampleImagesView.m; sourceTree = "<group>"; };
		BBB3E4011B2255AE00051EF1 /* YLExampleImagesViewController.h */ = {isa = PBXFileReference; fileEncoding = 4; lastKnownFileType = sourcecode.c.h; path = YLExampleImagesViewController.h; sourceTree = "<group>"; };
		BBB3E4021B2255AE00051EF1 /* YLExampleImagesViewController.m */ = {isa = PBXFileReference; fileEncoding = 4; lastKnownFileType = sourcecode.c.objc; path = YLExampleImagesViewController.m; sourceTree = "<group>"; };
		BBB3E4031B2255AE00051EF1 /* YLExampleLargeImageViewController.h */ = {isa = PBXFileReference; fileEncoding = 4; lastKnownFileType = sourcecode.c.h; path = YLExampleLargeImageViewController.h; sourceTree = "<group>"; };
		BBB3E4041B2255AE00051EF1 /* YLExampleLargeImageViewController.m */ = {isa = PBXFileReference; fileEncoding = 4; lastKnownFileType = sourcecode.c.objc; path = YLExampleLargeImageViewController.m; sourceTree = "<group>"; };
		BBB3E4051B2255AE00051EF1 /* LaunchScreen.xib */ = {isa = PBXFileReference; fileEncoding = 4; lastKnownFileType = file.xib; path = LaunchScreen.xib; sourceTree = "<group>"; };
		BBB3E4061B2255AE00051EF1 /* main.m */ = {isa = PBXFileReference; fileEncoding = 4; lastKnownFileType = sourcecode.c.objc; path = main.m; sourceTree = "<group>"; };
		BBB3E4071B2255AE00051EF1 /* YLExampleAppDelegate.h */ = {isa = PBXFileReference; fileEncoding = 4; lastKnownFileType = sourcecode.c.h; path = YLExampleAppDelegate.h; sourceTree = "<group>"; };
		BBB3E4081B2255AE00051EF1 /* YLExampleAppDelegate.m */ = {isa = PBXFileReference; fileEncoding = 4; lastKnownFileType = sourcecode.c.objc; path = YLExampleAppDelegate.m; sourceTree = "<group>"; };
		BBB3E4091B2255AE00051EF1 /* YLExampleRefreshHeader.h */ = {isa = PBXFileReference; fileEncoding = 4; lastKnownFileType = sourcecode.c.h; path = YLExampleRefreshHeader.h; sourceTree = "<group>"; };
		BBB3E40A1B2255AE00051EF1 /* YLExampleRefreshHeader.m */ = {isa = PBXFileReference; fileEncoding = 4; lastKnownFileType = sourcecode.c.objc; path = YLExampleRefreshHeader.m; sourceTree = "<group>"; };
		BBB3E40B1B2255AE00051EF1 /* YLExampleTableViewDataSource.h */ = {isa = PBXFileReference; fileEncoding = 4; lastKnownFileType = sourcecode.c.h; path = YLExampleTableViewDataSource.h; sourceTree = "<group>"; };
		BBB3E40C1B2255AE00051EF1 /* YLExampleTableViewDataSource.m */ = {isa = PBXFileReference; fileEncoding = 4; lastKnownFileType = sourcecode.c.objc; path = YLExampleTableViewDataSource.m; sourceTree = "<group>"; };
		BBB3E40D1B2255AE00051EF1 /* YLExampleTextCell.h */ = {isa = PBXFileReference; fileEncoding = 4; lastKnownFileType = sourcecode.c.h; path = YLExampleTextCell.h; sourceTree = "<group>"; };
		BBB3E40E1B2255AE00051EF1 /* YLExampleTextCell.m */ = {isa = PBXFileReference; fileEncoding = 4; lastKnownFileType = sourcecode.c.objc; path = YLExampleTextCell.m; sourceTree = "<group>"; };
		BBB3E40F1B2255AE00051EF1 /* YLExampleViewController.h */ = {isa = PBXFileReference; fileEncoding = 4; lastKnownFileType = sourcecode.c.h; path = YLExampleViewController.h; sourceTree = "<group>"; };
		BBB3E4101B2255AE00051EF1 /* YLExampleViewController.m */ = {isa = PBXFileReference; fileEncoding = 4; lastKnownFileType = sourcecode.c.objc; path = YLExampleViewController.m; sourceTree = "<group>"; };
		BBB3E4121B2255AE00051EF1 /* Images.xcassets */ = {isa = PBXFileReference; lastKnownFileType = folder.assetcatalog; path = Images.xcassets; sourceTree = "<group>"; };
		BBB3E4131B2255AE00051EF1 /* Info.plist */ = {isa = PBXFileReference; fileEncoding = 4; lastKnownFileType = text.plist.xml; path = Info.plist; sourceTree = "<group>"; };
/* End PBXFileReference section */

/* Begin PBXFrameworksBuildPhase section */
		BBB3E3CB1B22555700051EF1 /* Frameworks */ = {
			isa = PBXFrameworksBuildPhase;
			buildActionMask = 2147483647;
			files = (
				626A638E4001FFFBBBE6F8EC /* libPods-YLTableViewExample.a in Frameworks */,
			);
			runOnlyForDeploymentPostprocessing = 0;
		};
/* End PBXFrameworksBuildPhase section */

/* Begin PBXGroup section */
		3321E9458CADC439D1A97443 /* Frameworks */ = {
			isa = PBXGroup;
			children = (
				01F6D1E0D7808379FB183B79 /* libPods-YLTableViewExample.a */,
			);
			name = Frameworks;
			sourceTree = "<group>";
		};
		B4D8F43C23D5DD1B55C87030 /* Pods */ = {
			isa = PBXGroup;
			children = (
				9C73FE2D338ACBD9DAFD01E5 /* Pods-YLTableViewExample.debug.xcconfig */,
				77E0294F6EFAD61F32AF8B13 /* Pods-YLTableViewExample.release.xcconfig */,
			);
			name = Pods;
			sourceTree = "<group>";
		};
		BBB3E3C51B22555700051EF1 = {
			isa = PBXGroup;
			children = (
				BBB3E3F71B2255AE00051EF1 /* Classes */,
				BBB3E4111B2255AE00051EF1 /* OtherSources */,
				BBB3E3CF1B22555700051EF1 /* Products */,
				B4D8F43C23D5DD1B55C87030 /* Pods */,
				3321E9458CADC439D1A97443 /* Frameworks */,
			);
			sourceTree = "<group>";
		};
		BBB3E3CF1B22555700051EF1 /* Products */ = {
			isa = PBXGroup;
			children = (
				BBB3E3CE1B22555700051EF1 /* YLTableViewExample.app */,
			);
			name = Products;
			sourceTree = "<group>";
		};
		BBB3E3F71B2255AE00051EF1 /* Classes */ = {
			isa = PBXGroup;
			children = (
				BBB3E3F81B2255AE00051EF1 /* ImagesView */,
				BBB3E4051B2255AE00051EF1 /* LaunchScreen.xib */,
				BBB3E4061B2255AE00051EF1 /* main.m */,
				BBB3E4071B2255AE00051EF1 /* YLExampleAppDelegate.h */,
				BBB3E4081B2255AE00051EF1 /* YLExampleAppDelegate.m */,
				BBB3E4091B2255AE00051EF1 /* YLExampleRefreshHeader.h */,
				BBB3E40A1B2255AE00051EF1 /* YLExampleRefreshHeader.m */,
				BBB3E40B1B2255AE00051EF1 /* YLExampleTableViewDataSource.h */,
				BBB3E40C1B2255AE00051EF1 /* YLExampleTableViewDataSource.m */,
				BBB3E40D1B2255AE00051EF1 /* YLExampleTextCell.h */,
				BBB3E40E1B2255AE00051EF1 /* YLExampleTextCell.m */,
				BBB3E40F1B2255AE00051EF1 /* YLExampleViewController.h */,
				BBB3E4101B2255AE00051EF1 /* YLExampleViewController.m */,
			);
			path = Classes;
			sourceTree = "<group>";
		};
		BBB3E3F81B2255AE00051EF1 /* ImagesView */ = {
			isa = PBXGroup;
			children = (
				BBB3E3F91B2255AE00051EF1 /* YLExampleImageControl.h */,
				BBB3E3FA1B2255AE00051EF1 /* YLExampleImageControl.m */,
				BBB3E3FB1B2255AE00051EF1 /* YLExampleImagesCell.h */,
				BBB3E3FC1B2255AE00051EF1 /* YLExampleImagesCell.m */,
				BBB3E3FD1B2255AE00051EF1 /* YLExampleImagesCellModel.h */,
				BBB3E3FE1B2255AE00051EF1 /* YLExampleImagesCellModel.m */,
				BBB3E3FF1B2255AE00051EF1 /* YLExampleImagesView.h */,
				BBB3E4001B2255AE00051EF1 /* YLExampleImagesView.m */,
				BBB3E4011B2255AE00051EF1 /* YLExampleImagesViewController.h */,
				BBB3E4021B2255AE00051EF1 /* YLExampleImagesViewController.m */,
				BBB3E4031B2255AE00051EF1 /* YLExampleLargeImageViewController.h */,
				BBB3E4041B2255AE00051EF1 /* YLExampleLargeImageViewController.m */,
			);
			path = ImagesView;
			sourceTree = "<group>";
		};
		BBB3E4111B2255AE00051EF1 /* OtherSources */ = {
			isa = PBXGroup;
			children = (
				BBB3E4121B2255AE00051EF1 /* Images.xcassets */,
				BBB3E4131B2255AE00051EF1 /* Info.plist */,
			);
			path = OtherSources;
			sourceTree = "<group>";
		};
/* End PBXGroup section */

/* Begin PBXNativeTarget section */
		BBB3E3CD1B22555700051EF1 /* YLTableViewExample */ = {
			isa = PBXNativeTarget;
			buildConfigurationList = BBB3E3F11B22555700051EF1 /* Build configuration list for PBXNativeTarget "YLTableViewExample" */;
			buildPhases = (
				F1C8C5C216B1BF00944DC866 /* [CP] Check Pods Manifest.lock */,
				BBB3E3CA1B22555700051EF1 /* Sources */,
				BBB3E3CB1B22555700051EF1 /* Frameworks */,
				BBB3E3CC1B22555700051EF1 /* Resources */,
				E7CEC2FA8309599B8E763C2F /* [CP] Embed Pods Frameworks */,
				9962D9E238182FBFD861DC04 /* [CP] Copy Pods Resources */,
			);
			buildRules = (
			);
			dependencies = (
			);
			name = YLTableViewExample;
			productName = YLTableViewExample;
			productReference = BBB3E3CE1B22555700051EF1 /* YLTableViewExample.app */;
			productType = "com.apple.product-type.application";
		};
/* End PBXNativeTarget section */

/* Begin PBXProject section */
		BBB3E3C61B22555700051EF1 /* Project object */ = {
			isa = PBXProject;
			attributes = {
				LastUpgradeCheck = 0920;
				ORGANIZATIONNAME = Yelp;
				TargetAttributes = {
					BBB3E3CD1B22555700051EF1 = {
						CreatedOnToolsVersion = 6.3.2;
					};
				};
			};
			buildConfigurationList = BBB3E3C91B22555700051EF1 /* Build configuration list for PBXProject "YLTableViewExample" */;
			compatibilityVersion = "Xcode 3.2";
			developmentRegion = English;
			hasScannedForEncodings = 0;
			knownRegions = (
				en,
				Base,
			);
			mainGroup = BBB3E3C51B22555700051EF1;
			productRefGroup = BBB3E3CF1B22555700051EF1 /* Products */;
			projectDirPath = "";
			projectRoot = "";
			targets = (
				BBB3E3CD1B22555700051EF1 /* YLTableViewExample */,
			);
		};
/* End PBXProject section */

/* Begin PBXResourcesBuildPhase section */
		BBB3E3CC1B22555700051EF1 /* Resources */ = {
			isa = PBXResourcesBuildPhase;
			buildActionMask = 2147483647;
			files = (
				BBB3E41A1B2255AE00051EF1 /* LaunchScreen.xib in Resources */,
				BBB3E4211B2255AE00051EF1 /* Images.xcassets in Resources */,
			);
			runOnlyForDeploymentPostprocessing = 0;
		};
/* End PBXResourcesBuildPhase section */

/* Begin PBXShellScriptBuildPhase section */
		9962D9E238182FBFD861DC04 /* [CP] Copy Pods Resources */ = {
			isa = PBXShellScriptBuildPhase;
			buildActionMask = 2147483647;
			files = (
			);
			inputPaths = (
			);
			name = "[CP] Copy Pods Resources";
			outputPaths = (
			);
			runOnlyForDeploymentPostprocessing = 0;
			shellPath = /bin/sh;
			shellScript = "\"${SRCROOT}/Pods/Target Support Files/Pods-YLTableViewExample/Pods-YLTableViewExample-resources.sh\"\n";
			showEnvVarsInLog = 0;
		};
		E7CEC2FA8309599B8E763C2F /* [CP] Embed Pods Frameworks */ = {
			isa = PBXShellScriptBuildPhase;
			buildActionMask = 2147483647;
			files = (
			);
			inputPaths = (
			);
			name = "[CP] Embed Pods Frameworks";
			outputPaths = (
			);
			runOnlyForDeploymentPostprocessing = 0;
			shellPath = /bin/sh;
			shellScript = "\"${SRCROOT}/Pods/Target Support Files/Pods-YLTableViewExample/Pods-YLTableViewExample-frameworks.sh\"\n";
			showEnvVarsInLog = 0;
		};
		F1C8C5C216B1BF00944DC866 /* [CP] Check Pods Manifest.lock */ = {
			isa = PBXShellScriptBuildPhase;
			buildActionMask = 2147483647;
			files = (
			);
			inputPaths = (
				"${PODS_PODFILE_DIR_PATH}/Podfile.lock",
				"${PODS_ROOT}/Manifest.lock",
			);
			name = "[CP] Check Pods Manifest.lock";
			outputPaths = (
				"$(DERIVED_FILE_DIR)/Pods-YLTableViewExample-checkManifestLockResult.txt",
			);
			runOnlyForDeploymentPostprocessing = 0;
			shellPath = /bin/sh;
			shellScript = "diff \"${PODS_PODFILE_DIR_PATH}/Podfile.lock\" \"${PODS_ROOT}/Manifest.lock\" > /dev/null\nif [ $? != 0 ] ; then\n    # print error to STDERR\n    echo \"error: The sandbox is not in sync with the Podfile.lock. Run 'pod install' or update your CocoaPods installation.\" >&2\n    exit 1\nfi\n# This output is used by Xcode 'outputs' to avoid re-running this script phase.\necho \"SUCCESS\" > \"${SCRIPT_OUTPUT_FILE_0}\"\n";
			showEnvVarsInLog = 0;
		};
/* End PBXShellScriptBuildPhase section */

/* Begin PBXSourcesBuildPhase section */
		BBB3E3CA1B22555700051EF1 /* Sources */ = {
			isa = PBXSourcesBuildPhase;
			buildActionMask = 2147483647;
			files = (
				BBB3E4201B2255AE00051EF1 /* YLExampleViewController.m in Sources */,
				BBB3E4191B2255AE00051EF1 /* YLExampleLargeImageViewController.m in Sources */,
				BBB3E4141B2255AE00051EF1 /* YLExampleImageControl.m in Sources */,
				BBB3E41F1B2255AE00051EF1 /* YLExampleTextCell.m in Sources */,
				BBB3E4151B2255AE00051EF1 /* YLExampleImagesCell.m in Sources */,
				BBB3E4181B2255AE00051EF1 /* YLExampleImagesViewController.m in Sources */,
				BBB3E41E1B2255AE00051EF1 /* YLExampleTableViewDataSource.m in Sources */,
				BBB3E4171B2255AE00051EF1 /* YLExampleImagesView.m in Sources */,
				BBB3E41B1B2255AE00051EF1 /* main.m in Sources */,
				BBB3E41D1B2255AE00051EF1 /* YLExampleRefreshHeader.m in Sources */,
				BBB3E41C1B2255AE00051EF1 /* YLExampleAppDelegate.m in Sources */,
				BBB3E4161B2255AE00051EF1 /* YLExampleImagesCellModel.m in Sources */,
			);
			runOnlyForDeploymentPostprocessing = 0;
		};
/* End PBXSourcesBuildPhase section */

/* Begin XCBuildConfiguration section */
		BBB3E3EF1B22555700051EF1 /* Debug */ = {
			isa = XCBuildConfiguration;
			buildSettings = {
				ALWAYS_SEARCH_USER_PATHS = NO;
				CLANG_CXX_LANGUAGE_STANDARD = "gnu++0x";
				CLANG_CXX_LIBRARY = "libc++";
				CLANG_ENABLE_MODULES = YES;
				CLANG_ENABLE_OBJC_ARC = YES;
				CLANG_WARN_BLOCK_CAPTURE_AUTORELEASING = YES;
				CLANG_WARN_BOOL_CONVERSION = YES;
				CLANG_WARN_COMMA = YES;
				CLANG_WARN_CONSTANT_CONVERSION = YES;
				CLANG_WARN_DIRECT_OBJC_ISA_USAGE = YES_ERROR;
				CLANG_WARN_EMPTY_BODY = YES;
				CLANG_WARN_ENUM_CONVERSION = YES;
				CLANG_WARN_INFINITE_RECURSION = YES;
				CLANG_WARN_INT_CONVERSION = YES;
				CLANG_WARN_NON_LITERAL_NULL_CONVERSION = YES;
				CLANG_WARN_OBJC_LITERAL_CONVERSION = YES;
				CLANG_WARN_OBJC_ROOT_CLASS = YES_ERROR;
				CLANG_WARN_RANGE_LOOP_ANALYSIS = YES;
				CLANG_WARN_STRICT_PROTOTYPES = YES;
				CLANG_WARN_SUSPICIOUS_MOVE = YES;
				CLANG_WARN_UNREACHABLE_CODE = YES;
				CLANG_WARN__DUPLICATE_METHOD_MATCH = YES;
				"CODE_SIGN_IDENTITY[sdk=iphoneos*]" = "iPhone Developer";
				COPY_PHASE_STRIP = NO;
				DEBUG_INFORMATION_FORMAT = "dwarf-with-dsym";
				ENABLE_STRICT_OBJC_MSGSEND = YES;
				ENABLE_TESTABILITY = YES;
				GCC_C_LANGUAGE_STANDARD = gnu99;
				GCC_DYNAMIC_NO_PIC = NO;
				GCC_NO_COMMON_BLOCKS = YES;
				GCC_OPTIMIZATION_LEVEL = 0;
				GCC_PREPROCESSOR_DEFINITIONS = (
					"DEBUG=1",
					"$(inherited)",
				);
				GCC_SYMBOLS_PRIVATE_EXTERN = NO;
				GCC_WARN_64_TO_32_BIT_CONVERSION = YES;
				GCC_WARN_ABOUT_RETURN_TYPE = YES_ERROR;
				GCC_WARN_UNDECLARED_SELECTOR = YES;
				GCC_WARN_UNINITIALIZED_AUTOS = YES_AGGRESSIVE;
				GCC_WARN_UNUSED_FUNCTION = YES;
				GCC_WARN_UNUSED_VARIABLE = YES;
				IPHONEOS_DEPLOYMENT_TARGET = 9.3;
				MTL_ENABLE_DEBUG_INFO = YES;
				ONLY_ACTIVE_ARCH = YES;
				SDKROOT = iphoneos;
				TARGETED_DEVICE_FAMILY = "1,2";
			};
			name = Debug;
		};
		BBB3E3F01B22555700051EF1 /* Release */ = {
			isa = XCBuildConfiguration;
			buildSettings = {
				ALWAYS_SEARCH_USER_PATHS = NO;
				CLANG_CXX_LANGUAGE_STANDARD = "gnu++0x";
				CLANG_CXX_LIBRARY = "libc++";
				CLANG_ENABLE_MODULES = YES;
				CLANG_ENABLE_OBJC_ARC = YES;
				CLANG_WARN_BLOCK_CAPTURE_AUTORELEASING = YES;
				CLANG_WARN_BOOL_CONVERSION = YES;
				CLANG_WARN_COMMA = YES;
				CLANG_WARN_CONSTANT_CONVERSION = YES;
				CLANG_WARN_DIRECT_OBJC_ISA_USAGE = YES_ERROR;
				CLANG_WARN_EMPTY_BODY = YES;
				CLANG_WARN_ENUM_CONVERSION = YES;
				CLANG_WARN_INFINITE_RECURSION = YES;
				CLANG_WARN_INT_CONVERSION = YES;
				CLANG_WARN_NON_LITERAL_NULL_CONVERSION = YES;
				CLANG_WARN_OBJC_LITERAL_CONVERSION = YES;
				CLANG_WARN_OBJC_ROOT_CLASS = YES_ERROR;
				CLANG_WARN_RANGE_LOOP_ANALYSIS = YES;
				CLANG_WARN_STRICT_PROTOTYPES = YES;
				CLANG_WARN_SUSPICIOUS_MOVE = YES;
				CLANG_WARN_UNREACHABLE_CODE = YES;
				CLANG_WARN__DUPLICATE_METHOD_MATCH = YES;
				"CODE_SIGN_IDENTITY[sdk=iphoneos*]" = "iPhone Developer";
				COPY_PHASE_STRIP = NO;
				DEBUG_INFORMATION_FORMAT = "dwarf-with-dsym";
				ENABLE_NS_ASSERTIONS = NO;
				ENABLE_STRICT_OBJC_MSGSEND = YES;
				GCC_C_LANGUAGE_STANDARD = gnu99;
				GCC_NO_COMMON_BLOCKS = YES;
				GCC_WARN_64_TO_32_BIT_CONVERSION = YES;
				GCC_WARN_ABOUT_RETURN_TYPE = YES_ERROR;
				GCC_WARN_UNDECLARED_SELECTOR = YES;
				GCC_WARN_UNINITIALIZED_AUTOS = YES_AGGRESSIVE;
				GCC_WARN_UNUSED_FUNCTION = YES;
				GCC_WARN_UNUSED_VARIABLE = YES;
				IPHONEOS_DEPLOYMENT_TARGET = 9.3;
				MTL_ENABLE_DEBUG_INFO = NO;
				SDKROOT = iphoneos;
				TARGETED_DEVICE_FAMILY = "1,2";
				VALIDATE_PRODUCT = YES;
			};
			name = Release;
		};
		BBB3E3F21B22555700051EF1 /* Debug */ = {
			isa = XCBuildConfiguration;
			baseConfigurationReference = 9C73FE2D338ACBD9DAFD01E5 /* Pods-YLTableViewExample.debug.xcconfig */;
			buildSettings = {
				ASSETCATALOG_COMPILER_APPICON_NAME = AppIcon;
				INFOPLIST_FILE = OtherSources/Info.plist;
				LD_RUNPATH_SEARCH_PATHS = "$(inherited) @executable_path/Frameworks";
				PRODUCT_BUNDLE_IDENTIFIER = "Yelp.$(PRODUCT_NAME:rfc1034identifier)";
				PRODUCT_NAME = "$(TARGET_NAME)";
			};
			name = Debug;
		};
		BBB3E3F31B22555700051EF1 /* Release */ = {
			isa = XCBuildConfiguration;
			baseConfigurationReference = 77E0294F6EFAD61F32AF8B13 /* Pods-YLTableViewExample.release.xcconfig */;
			buildSettings = {
				ASSETCATALOG_COMPILER_APPICON_NAME = AppIcon;
				INFOPLIST_FILE = OtherSources/Info.plist;
				LD_RUNPATH_SEARCH_PATHS = "$(inherited) @executable_path/Frameworks";
				PRODUCT_BUNDLE_IDENTIFIER = "Yelp.$(PRODUCT_NAME:rfc1034identifier)";
				PRODUCT_NAME = "$(TARGET_NAME)";
			};
			name = Release;
		};
/* End XCBuildConfiguration section */

/* Begin XCConfigurationList section */
		BBB3E3C91B22555700051EF1 /* Build configuration list for PBXProject "YLTableViewExample" */ = {
			isa = XCConfigurationList;
			buildConfigurations = (
				BBB3E3EF1B22555700051EF1 /* Debug */,
				BBB3E3F01B22555700051EF1 /* Release */,
			);
			defaultConfigurationIsVisible = 0;
			defaultConfigurationName = Release;
		};
		BBB3E3F11B22555700051EF1 /* Build configuration list for PBXNativeTarget "YLTableViewExample" */ = {
			isa = XCConfigurationList;
			buildConfigurations = (
				BBB3E3F21B22555700051EF1 /* Debug */,
				BBB3E3F31B22555700051EF1 /* Release */,
			);
			defaultConfigurationIsVisible = 0;
			defaultConfigurationName = Release;
		};
/* End XCConfigurationList section */
	};
	rootObject = BBB3E3C61B22555700051EF1 /* Project object */;
}
